// !$*UTF8*$!
{
	archiveVersion = 1;
	classes = {
	};
	objectVersion = 56;
	objects = {

/* Begin PBXBuildFile section */
		D90CBA472A3455DA00BD0D16 /* DatePicketSheet.swift in Sources */ = {isa = PBXBuildFile; fileRef = D90CBA462A3455DA00BD0D16 /* DatePicketSheet.swift */; };
		D90CBA562A3479CF00BD0D16 /* ex-DateComponents.swift in Sources */ = {isa = PBXBuildFile; fileRef = D90CBA552A3479CF00BD0D16 /* ex-DateComponents.swift */; };
		D90CBA582A3479E200BD0D16 /* ex-String.swift in Sources */ = {isa = PBXBuildFile; fileRef = D90CBA572A3479E200BD0D16 /* ex-String.swift */; };
		D90CBA5B2A347A8A00BD0D16 /* DetectorCamera.swift in Sources */ = {isa = PBXBuildFile; fileRef = D90CBA5A2A347A8A00BD0D16 /* DetectorCamera.swift */; };
		D90CBA602A348BC100BD0D16 /* FrameManager.swift in Sources */ = {isa = PBXBuildFile; fileRef = D90CBA5D2A348BC100BD0D16 /* FrameManager.swift */; };
		D90CBA612A348BC100BD0D16 /* CameraManager.swift in Sources */ = {isa = PBXBuildFile; fileRef = D90CBA5E2A348BC100BD0D16 /* CameraManager.swift */; };
		D90CBA622A348BC100BD0D16 /* CameraError.swift in Sources */ = {isa = PBXBuildFile; fileRef = D90CBA5F2A348BC100BD0D16 /* CameraError.swift */; };
		D90CBA682A348D1800BD0D16 /* ViewModelNew.swift in Sources */ = {isa = PBXBuildFile; fileRef = D90CBA672A348D1800BD0D16 /* ViewModelNew.swift */; };
		D90CBA6B2A348D5900BD0D16 /* Constants.swift in Sources */ = {isa = PBXBuildFile; fileRef = D90CBA6A2A348D5900BD0D16 /* Constants.swift */; };
		D90CBA6D2A348E2B00BD0D16 /* ex-CGImage.swift in Sources */ = {isa = PBXBuildFile; fileRef = D90CBA6C2A348E2B00BD0D16 /* ex-CGImage.swift */; };
		D90CBA702A34C5F500BD0D16 /* FrameView.swift in Sources */ = {isa = PBXBuildFile; fileRef = D90CBA6F2A34C5F500BD0D16 /* FrameView.swift */; };
		D97D20442A34D83000FD8AE5 /* AVFoundation.framework in Frameworks */ = {isa = PBXBuildFile; fileRef = D97D20432A34D82F00FD8AE5 /* AVFoundation.framework */; };
		D9B7257C2A33FBFC009A618B /* ShowingProductsDetail.swift in Sources */ = {isa = PBXBuildFile; fileRef = D9B7257B2A33FBFC009A618B /* ShowingProductsDetail.swift */; };
		D9B7257E2A33FBFC009A618B /* ContentView.swift in Sources */ = {isa = PBXBuildFile; fileRef = D9B7257D2A33FBFC009A618B /* ContentView.swift */; };
		D9B725802A33FBFD009A618B /* Assets.xcassets in Resources */ = {isa = PBXBuildFile; fileRef = D9B7257F2A33FBFD009A618B /* Assets.xcassets */; };
		D9B725832A33FBFD009A618B /* Preview Assets.xcassets in Resources */ = {isa = PBXBuildFile; fileRef = D9B725822A33FBFD009A618B /* Preview Assets.xcassets */; };
		D9B7258A2A33FF72009A618B /* MainViewModel.swift in Sources */ = {isa = PBXBuildFile; fileRef = D9B725892A33FF72009A618B /* MainViewModel.swift */; };
		D9B7258D2A33FFC2009A618B /* ex-Date.swift in Sources */ = {isa = PBXBuildFile; fileRef = D9B7258C2A33FFC2009A618B /* ex-Date.swift */; };
		D9CBBA452A34D4AB00FAABB9 /* CameraControler.swift in Sources */ = {isa = PBXBuildFile; fileRef = D9CBBA442A34D4AB00FAABB9 /* CameraControler.swift */; };
		D9E3D4DC2A359D7600CCEE56 /* ImagePicker.swift in Sources */ = {isa = PBXBuildFile; fileRef = D9E3D4DB2A359D7600CCEE56 /* ImagePicker.swift */; };
		D9E3D4DE2A359DF200CCEE56 /* IMG.swift in Sources */ = {isa = PBXBuildFile; fileRef = D9E3D4DD2A359DF200CCEE56 /* IMG.swift */; };
		D9E3D5082A36F45D00CCEE56 /* LoadingAnimation.swift in Sources */ = {isa = PBXBuildFile; fileRef = D9E3D5072A36F45D00CCEE56 /* LoadingAnimation.swift */; };
		D9E3D52D2A3859A300CCEE56 /* UsingProgressView.swift in Sources */ = {isa = PBXBuildFile; fileRef = D9E3D52C2A3859A300CCEE56 /* UsingProgressView.swift */; };
		D9E3D52F2A385AE300CCEE56 /* PieChartView.swift in Sources */ = {isa = PBXBuildFile; fileRef = D9E3D52E2A385AE300CCEE56 /* PieChartView.swift */; };
		D9E3D5322A38BB6000CCEE56 /* ProductReaderFromFile.swift in Sources */ = {isa = PBXBuildFile; fileRef = D9E3D5312A38BB6000CCEE56 /* ProductReaderFromFile.swift */; };
		D9E3D5382A38BD6B00CCEE56 /* productDetails.json in Resources */ = {isa = PBXBuildFile; fileRef = D9E3D5372A38BD6B00CCEE56 /* productDetails.json */; };
		D9E3D53A2A38BE4D00CCEE56 /* Product.swift in Sources */ = {isa = PBXBuildFile; fileRef = D9E3D5392A38BE4D00CCEE56 /* Product.swift */; };
		D9E3D53C2A38BF1500CCEE56 /* ShowingProducts.swift in Sources */ = {isa = PBXBuildFile; fileRef = D9E3D53B2A38BF1500CCEE56 /* ShowingProducts.swift */; };
/* End PBXBuildFile section */

/* Begin PBXFileReference section */
		D90CBA462A3455DA00BD0D16 /* DatePicketSheet.swift */ = {isa = PBXFileReference; lastKnownFileType = sourcecode.swift; path = DatePicketSheet.swift; sourceTree = "<group>"; };
		D90CBA552A3479CF00BD0D16 /* ex-DateComponents.swift */ = {isa = PBXFileReference; lastKnownFileType = sourcecode.swift; path = "ex-DateComponents.swift"; sourceTree = "<group>"; };
		D90CBA572A3479E200BD0D16 /* ex-String.swift */ = {isa = PBXFileReference; lastKnownFileType = sourcecode.swift; path = "ex-String.swift"; sourceTree = "<group>"; };
		D90CBA5A2A347A8A00BD0D16 /* DetectorCamera.swift */ = {isa = PBXFileReference; lastKnownFileType = sourcecode.swift; path = DetectorCamera.swift; sourceTree = "<group>"; };
		D90CBA5D2A348BC100BD0D16 /* FrameManager.swift */ = {isa = PBXFileReference; fileEncoding = 4; lastKnownFileType = sourcecode.swift; path = FrameManager.swift; sourceTree = "<group>"; };
		D90CBA5E2A348BC100BD0D16 /* CameraManager.swift */ = {isa = PBXFileReference; fileEncoding = 4; lastKnownFileType = sourcecode.swift; path = CameraManager.swift; sourceTree = "<group>"; };
		D90CBA5F2A348BC100BD0D16 /* CameraError.swift */ = {isa = PBXFileReference; fileEncoding = 4; lastKnownFileType = sourcecode.swift; path = CameraError.swift; sourceTree = "<group>"; };
		D90CBA672A348D1800BD0D16 /* ViewModelNew.swift */ = {isa = PBXFileReference; fileEncoding = 4; lastKnownFileType = sourcecode.swift; path = ViewModelNew.swift; sourceTree = "<group>"; };
		D90CBA6A2A348D5900BD0D16 /* Constants.swift */ = {isa = PBXFileReference; lastKnownFileType = sourcecode.swift; path = Constants.swift; sourceTree = "<group>"; };
		D90CBA6C2A348E2B00BD0D16 /* ex-CGImage.swift */ = {isa = PBXFileReference; lastKnownFileType = sourcecode.swift; path = "ex-CGImage.swift"; sourceTree = "<group>"; };
		D90CBA6F2A34C5F500BD0D16 /* FrameView.swift */ = {isa = PBXFileReference; lastKnownFileType = sourcecode.swift; path = FrameView.swift; sourceTree = "<group>"; };
		D97D20412A34D80400FD8AE5 /* Info.plist */ = {isa = PBXFileReference; lastKnownFileType = text.plist; path = Info.plist; sourceTree = "<group>"; };
		D97D20432A34D82F00FD8AE5 /* AVFoundation.framework */ = {isa = PBXFileReference; lastKnownFileType = wrapper.framework; name = AVFoundation.framework; path = System/Library/Frameworks/AVFoundation.framework; sourceTree = SDKROOT; };
		D9B725782A33FBFC009A618B /* CosmoCare.app */ = {isa = PBXFileReference; explicitFileType = wrapper.application; includeInIndex = 0; path = CosmoCare.app; sourceTree = BUILT_PRODUCTS_DIR; };
		D9B7257B2A33FBFC009A618B /* ShowingProductsDetail.swift */ = {isa = PBXFileReference; lastKnownFileType = sourcecode.swift; path = ShowingProductsDetail.swift; sourceTree = "<group>"; };
		D9B7257D2A33FBFC009A618B /* ContentView.swift */ = {isa = PBXFileReference; lastKnownFileType = sourcecode.swift; path = ContentView.swift; sourceTree = "<group>"; };
		D9B7257F2A33FBFD009A618B /* Assets.xcassets */ = {isa = PBXFileReference; lastKnownFileType = folder.assetcatalog; path = Assets.xcassets; sourceTree = "<group>"; };
		D9B725822A33FBFD009A618B /* Preview Assets.xcassets */ = {isa = PBXFileReference; lastKnownFileType = folder.assetcatalog; path = "Preview Assets.xcassets"; sourceTree = "<group>"; };
		D9B725892A33FF72009A618B /* MainViewModel.swift */ = {isa = PBXFileReference; lastKnownFileType = sourcecode.swift; path = MainViewModel.swift; sourceTree = "<group>"; };
		D9B7258C2A33FFC2009A618B /* ex-Date.swift */ = {isa = PBXFileReference; lastKnownFileType = sourcecode.swift; path = "ex-Date.swift"; sourceTree = "<group>"; };
		D9CBBA442A34D4AB00FAABB9 /* CameraControler.swift */ = {isa = PBXFileReference; lastKnownFileType = sourcecode.swift; path = CameraControler.swift; sourceTree = "<group>"; };
		D9E3D4DB2A359D7600CCEE56 /* ImagePicker.swift */ = {isa = PBXFileReference; lastKnownFileType = sourcecode.swift; path = ImagePicker.swift; sourceTree = "<group>"; };
		D9E3D4DD2A359DF200CCEE56 /* IMG.swift */ = {isa = PBXFileReference; lastKnownFileType = sourcecode.swift; path = IMG.swift; sourceTree = "<group>"; };
		D9E3D5072A36F45D00CCEE56 /* LoadingAnimation.swift */ = {isa = PBXFileReference; lastKnownFileType = sourcecode.swift; path = LoadingAnimation.swift; sourceTree = "<group>"; };
		D9E3D52C2A3859A300CCEE56 /* UsingProgressView.swift */ = {isa = PBXFileReference; lastKnownFileType = sourcecode.swift; path = UsingProgressView.swift; sourceTree = "<group>"; };
		D9E3D52E2A385AE300CCEE56 /* PieChartView.swift */ = {isa = PBXFileReference; lastKnownFileType = sourcecode.swift; path = PieChartView.swift; sourceTree = "<group>"; };
		D9E3D5312A38BB6000CCEE56 /* ProductReaderFromFile.swift */ = {isa = PBXFileReference; lastKnownFileType = sourcecode.swift; path = ProductReaderFromFile.swift; sourceTree = "<group>"; };
		D9E3D5372A38BD6B00CCEE56 /* productDetails.json */ = {isa = PBXFileReference; fileEncoding = 4; lastKnownFileType = text.json; path = productDetails.json; sourceTree = "<group>"; };
		D9E3D5392A38BE4D00CCEE56 /* Product.swift */ = {isa = PBXFileReference; fileEncoding = 4; lastKnownFileType = sourcecode.swift; path = Product.swift; sourceTree = "<group>"; };
		D9E3D53B2A38BF1500CCEE56 /* ShowingProducts.swift */ = {isa = PBXFileReference; lastKnownFileType = sourcecode.swift; path = ShowingProducts.swift; sourceTree = "<group>"; };
/* End PBXFileReference section */

/* Begin PBXFrameworksBuildPhase section */
		D9B725752A33FBFC009A618B /* Frameworks */ = {
			isa = PBXFrameworksBuildPhase;
			buildActionMask = 2147483647;
			files = (
				D97D20442A34D83000FD8AE5 /* AVFoundation.framework in Frameworks */,
			);
			runOnlyForDeploymentPostprocessing = 0;
		};
/* End PBXFrameworksBuildPhase section */

/* Begin PBXGroup section */
		D90CBA4A2A34778900BD0D16 /* View */ = {
			isa = PBXGroup;
			children = (
				D9E3D53D2A38C82000CCEE56 /* View_SOLID */,
				D9E3D5302A38BB4700CCEE56 /* ProductShower */,
				D9E3D5062A36F44A00CCEE56 /* Animations */,
				D9E3D4E02A35BB7400CCEE56 /* CameraView */,
				D9E3D4DF2A35BB5C00CCEE56 /* ImagePicker */,
				D9B7257D2A33FBFC009A618B /* ContentView.swift */,
				D90CBA462A3455DA00BD0D16 /* DatePicketSheet.swift */,
				D9E3D52C2A3859A300CCEE56 /* UsingProgressView.swift */,
				D9E3D53B2A38BF1500CCEE56 /* ShowingProducts.swift */,
			);
			path = View;
			sourceTree = "<group>";
		};
		D90CBA4B2A34779000BD0D16 /* Model */ = {
			isa = PBXGroup;
			children = (
				D90CBA5C2A347AA000BD0D16 /* m-DetectorCamera */,
				D90CBA532A34795D00BD0D16 /* m-ContentView */,
				D9E3D5312A38BB6000CCEE56 /* ProductReaderFromFile.swift */,
			);
			path = Model;
			sourceTree = "<group>";
		};
		D90CBA4C2A34779800BD0D16 /* ViewModel */ = {
			isa = PBXGroup;
			children = (
				D90CBA592A347A7600BD0D16 /* vm-DetectorCamera */,
				D90CBA522A34794A00BD0D16 /* vm-ContentView */,
			);
			path = ViewModel;
			sourceTree = "<group>";
		};
		D90CBA522A34794A00BD0D16 /* vm-ContentView */ = {
			isa = PBXGroup;
			children = (
				D9B725892A33FF72009A618B /* MainViewModel.swift */,
			);
			path = "vm-ContentView";
			sourceTree = "<group>";
		};
		D90CBA532A34795D00BD0D16 /* m-ContentView */ = {
			isa = PBXGroup;
			children = (
				D9E3D5392A38BE4D00CCEE56 /* Product.swift */,
				D9E3D5372A38BD6B00CCEE56 /* productDetails.json */,
			);
			path = "m-ContentView";
			sourceTree = "<group>";
		};
		D90CBA542A3479A500BD0D16 /* Extentions */ = {
			isa = PBXGroup;
			children = (
				D9B7258C2A33FFC2009A618B /* ex-Date.swift */,
				D90CBA552A3479CF00BD0D16 /* ex-DateComponents.swift */,
				D90CBA572A3479E200BD0D16 /* ex-String.swift */,
				D90CBA6C2A348E2B00BD0D16 /* ex-CGImage.swift */,
			);
			path = Extentions;
			sourceTree = "<group>";
		};
		D90CBA592A347A7600BD0D16 /* vm-DetectorCamera */ = {
			isa = PBXGroup;
			children = (
				D90CBA5F2A348BC100BD0D16 /* CameraError.swift */,
				D90CBA5E2A348BC100BD0D16 /* CameraManager.swift */,
				D90CBA5D2A348BC100BD0D16 /* FrameManager.swift */,
				D90CBA672A348D1800BD0D16 /* ViewModelNew.swift */,
			);
			path = "vm-DetectorCamera";
			sourceTree = "<group>";
		};
		D90CBA5C2A347AA000BD0D16 /* m-DetectorCamera */ = {
			isa = PBXGroup;
			children = (
			);
			path = "m-DetectorCamera";
			sourceTree = "<group>";
		};
		D90CBA692A348D4B00BD0D16 /* Constants */ = {
			isa = PBXGroup;
			children = (
				D90CBA6A2A348D5900BD0D16 /* Constants.swift */,
			);
			path = Constants;
			sourceTree = "<group>";
		};
		D90CBA6E2A348FD400BD0D16 /* ML-Zone */ = {
			isa = PBXGroup;
			children = (
			);
			path = "ML-Zone";
			sourceTree = "<group>";
		};
		D97D20422A34D82F00FD8AE5 /* Frameworks */ = {
			isa = PBXGroup;
			children = (
				D97D20432A34D82F00FD8AE5 /* AVFoundation.framework */,
			);
			name = Frameworks;
			sourceTree = "<group>";
		};
		D9B7256F2A33FBFC009A618B = {
			isa = PBXGroup;
			children = (
				D9B7257A2A33FBFC009A618B /* CosmoCare */,
				D9B725792A33FBFC009A618B /* Products */,
				D97D20422A34D82F00FD8AE5 /* Frameworks */,
			);
			sourceTree = "<group>";
		};
		D9B725792A33FBFC009A618B /* Products */ = {
			isa = PBXGroup;
			children = (
				D9B725782A33FBFC009A618B /* CosmoCare.app */,
			);
			name = Products;
			sourceTree = "<group>";
		};
		D9B7257A2A33FBFC009A618B /* CosmoCare */ = {
			isa = PBXGroup;
			children = (
				D97D20412A34D80400FD8AE5 /* Info.plist */,
				D90CBA6E2A348FD400BD0D16 /* ML-Zone */,
				D9B7257B2A33FBFC009A618B /* ShowingProductsDetail.swift */,
				D9B7257F2A33FBFD009A618B /* Assets.xcassets */,
				D90CBA4A2A34778900BD0D16 /* View */,
				D90CBA4C2A34779800BD0D16 /* ViewModel */,
				D90CBA4B2A34779000BD0D16 /* Model */,
				D9B7258B2A33FF9C009A618B /* Helpers */,
				D9B725812A33FBFD009A618B /* Preview Content */,
			);
			path = CosmoCare;
			sourceTree = "<group>";
		};
		D9B725812A33FBFD009A618B /* Preview Content */ = {
			isa = PBXGroup;
			children = (
				D9B725822A33FBFD009A618B /* Preview Assets.xcassets */,
			);
			path = "Preview Content";
			sourceTree = "<group>";
		};
		D9B7258B2A33FF9C009A618B /* Helpers */ = {
			isa = PBXGroup;
			children = (
				D90CBA692A348D4B00BD0D16 /* Constants */,
				D90CBA542A3479A500BD0D16 /* Extentions */,
			);
			path = Helpers;
			sourceTree = "<group>";
		};
		D9E3D4DF2A35BB5C00CCEE56 /* ImagePicker */ = {
			isa = PBXGroup;
			children = (
				D9E3D4DB2A359D7600CCEE56 /* ImagePicker.swift */,
				D9E3D4DD2A359DF200CCEE56 /* IMG.swift */,
			);
			path = ImagePicker;
			sourceTree = "<group>";
		};
		D9E3D4E02A35BB7400CCEE56 /* CameraView */ = {
			isa = PBXGroup;
			children = (
				D90CBA6F2A34C5F500BD0D16 /* FrameView.swift */,
				D9CBBA442A34D4AB00FAABB9 /* CameraControler.swift */,
				D90CBA5A2A347A8A00BD0D16 /* DetectorCamera.swift */,
			);
			path = CameraView;
			sourceTree = "<group>";
		};
		D9E3D5062A36F44A00CCEE56 /* Animations */ = {
			isa = PBXGroup;
			children = (
				D9E3D5072A36F45D00CCEE56 /* LoadingAnimation.swift */,
			);
			path = Animations;
			sourceTree = "<group>";
		};
		D9E3D5302A38BB4700CCEE56 /* ProductShower */ = {
			isa = PBXGroup;
			children = (
			);
			path = ProductShower;
			sourceTree = "<group>";
		};
		D9E3D53D2A38C82000CCEE56 /* View_SOLID */ = {
			isa = PBXGroup;
			children = (
				D9E3D52E2A385AE300CCEE56 /* PieChartView.swift */,
			);
			path = View_SOLID;
			sourceTree = "<group>";
		};
/* End PBXGroup section */

/* Begin PBXNativeTarget section */
		D9B725772A33FBFC009A618B /* CosmoCare */ = {
			isa = PBXNativeTarget;
			buildConfigurationList = D9B725862A33FBFD009A618B /* Build configuration list for PBXNativeTarget "CosmoCare" */;
			buildPhases = (
				D9B725742A33FBFC009A618B /* Sources */,
				D9B725752A33FBFC009A618B /* Frameworks */,
				D9B725762A33FBFC009A618B /* Resources */,
			);
			buildRules = (
			);
			dependencies = (
			);
			name = CosmoCare;
			productName = CosmoCare;
			productReference = D9B725782A33FBFC009A618B /* CosmoCare.app */;
			productType = "com.apple.product-type.application";
		};
/* End PBXNativeTarget section */

/* Begin PBXProject section */
		D9B725702A33FBFC009A618B /* Project object */ = {
			isa = PBXProject;
			attributes = {
				BuildIndependentTargetsInParallel = 1;
				LastSwiftUpdateCheck = 1430;
				LastUpgradeCheck = 1430;
				TargetAttributes = {
					D9B725772A33FBFC009A618B = {
						CreatedOnToolsVersion = 14.3.1;
					};
				};
			};
			buildConfigurationList = D9B725732A33FBFC009A618B /* Build configuration list for PBXProject "CosmoCare" */;
			compatibilityVersion = "Xcode 14.0";
			developmentRegion = en;
			hasScannedForEncodings = 0;
			knownRegions = (
				en,
				Base,
			);
			mainGroup = D9B7256F2A33FBFC009A618B;
			productRefGroup = D9B725792A33FBFC009A618B /* Products */;
			projectDirPath = "";
			projectRoot = "";
			targets = (
				D9B725772A33FBFC009A618B /* CosmoCare */,
			);
		};
/* End PBXProject section */

/* Begin PBXResourcesBuildPhase section */
		D9B725762A33FBFC009A618B /* Resources */ = {
			isa = PBXResourcesBuildPhase;
			buildActionMask = 2147483647;
			files = (
				D9B725832A33FBFD009A618B /* Preview Assets.xcassets in Resources */,
				D9B725802A33FBFD009A618B /* Assets.xcassets in Resources */,
				D9E3D5382A38BD6B00CCEE56 /* productDetails.json in Resources */,
			);
			runOnlyForDeploymentPostprocessing = 0;
		};
/* End PBXResourcesBuildPhase section */

/* Begin PBXSourcesBuildPhase section */
		D9B725742A33FBFC009A618B /* Sources */ = {
			isa = PBXSourcesBuildPhase;
			buildActionMask = 2147483647;
			files = (
				D9E3D52F2A385AE300CCEE56 /* PieChartView.swift in Sources */,
				D90CBA562A3479CF00BD0D16 /* ex-DateComponents.swift in Sources */,
				D9CBBA452A34D4AB00FAABB9 /* CameraControler.swift in Sources */,
				D9E3D53C2A38BF1500CCEE56 /* ShowingProducts.swift in Sources */,
				D90CBA622A348BC100BD0D16 /* CameraError.swift in Sources */,
				D9E3D5322A38BB6000CCEE56 /* ProductReaderFromFile.swift in Sources */,
				D9E3D4DC2A359D7600CCEE56 /* ImagePicker.swift in Sources */,
				D9B7258D2A33FFC2009A618B /* ex-Date.swift in Sources */,
				D9E3D5082A36F45D00CCEE56 /* LoadingAnimation.swift in Sources */,
				D90CBA702A34C5F500BD0D16 /* FrameView.swift in Sources */,
				D9B7257E2A33FBFC009A618B /* ContentView.swift in Sources */,
				D9E3D52D2A3859A300CCEE56 /* UsingProgressView.swift in Sources */,
				D90CBA6D2A348E2B00BD0D16 /* ex-CGImage.swift in Sources */,
				D9E3D53A2A38BE4D00CCEE56 /* Product.swift in Sources */,
				D90CBA582A3479E200BD0D16 /* ex-String.swift in Sources */,
				D90CBA612A348BC100BD0D16 /* CameraManager.swift in Sources */,
				D90CBA472A3455DA00BD0D16 /* DatePicketSheet.swift in Sources */,
				D90CBA6B2A348D5900BD0D16 /* Constants.swift in Sources */,
				D90CBA5B2A347A8A00BD0D16 /* DetectorCamera.swift in Sources */,
				D9E3D4DE2A359DF200CCEE56 /* IMG.swift in Sources */,
				D9B7257C2A33FBFC009A618B /* ShowingProductsDetail.swift in Sources */,
				D90CBA602A348BC100BD0D16 /* FrameManager.swift in Sources */,
				D9B7258A2A33FF72009A618B /* MainViewModel.swift in Sources */,
				D90CBA682A348D1800BD0D16 /* ViewModelNew.swift in Sources */,
			);
			runOnlyForDeploymentPostprocessing = 0;
		};
/* End PBXSourcesBuildPhase section */

/* Begin XCBuildConfiguration section */
		D9B725842A33FBFD009A618B /* Debug */ = {
			isa = XCBuildConfiguration;
			buildSettings = {
				ALWAYS_SEARCH_USER_PATHS = NO;
				CLANG_ANALYZER_NONNULL = YES;
				CLANG_ANALYZER_NUMBER_OBJECT_CONVERSION = YES_AGGRESSIVE;
				CLANG_CXX_LANGUAGE_STANDARD = "gnu++20";
				CLANG_ENABLE_MODULES = YES;
				CLANG_ENABLE_OBJC_ARC = YES;
				CLANG_ENABLE_OBJC_WEAK = YES;
				CLANG_WARN_BLOCK_CAPTURE_AUTORELEASING = YES;
				CLANG_WARN_BOOL_CONVERSION = YES;
				CLANG_WARN_COMMA = YES;
				CLANG_WARN_CONSTANT_CONVERSION = YES;
				CLANG_WARN_DEPRECATED_OBJC_IMPLEMENTATIONS = YES;
				CLANG_WARN_DIRECT_OBJC_ISA_USAGE = YES_ERROR;
				CLANG_WARN_DOCUMENTATION_COMMENTS = YES;
				CLANG_WARN_EMPTY_BODY = YES;
				CLANG_WARN_ENUM_CONVERSION = YES;
				CLANG_WARN_INFINITE_RECURSION = YES;
				CLANG_WARN_INT_CONVERSION = YES;
				CLANG_WARN_NON_LITERAL_NULL_CONVERSION = YES;
				CLANG_WARN_OBJC_IMPLICIT_RETAIN_SELF = YES;
				CLANG_WARN_OBJC_LITERAL_CONVERSION = YES;
				CLANG_WARN_OBJC_ROOT_CLASS = YES_ERROR;
				CLANG_WARN_QUOTED_INCLUDE_IN_FRAMEWORK_HEADER = YES;
				CLANG_WARN_RANGE_LOOP_ANALYSIS = YES;
				CLANG_WARN_STRICT_PROTOTYPES = YES;
				CLANG_WARN_SUSPICIOUS_MOVE = YES;
				CLANG_WARN_UNGUARDED_AVAILABILITY = YES_AGGRESSIVE;
				CLANG_WARN_UNREACHABLE_CODE = YES;
				CLANG_WARN__DUPLICATE_METHOD_MATCH = YES;
				COPY_PHASE_STRIP = NO;
				DEBUG_INFORMATION_FORMAT = dwarf;
				ENABLE_STRICT_OBJC_MSGSEND = YES;
				ENABLE_TESTABILITY = YES;
				GCC_C_LANGUAGE_STANDARD = gnu11;
				GCC_DYNAMIC_NO_PIC = NO;
				GCC_NO_COMMON_BLOCKS = YES;
				GCC_OPTIMIZATION_LEVEL = 0;
				GCC_PREPROCESSOR_DEFINITIONS = (
					"DEBUG=1",
					"$(inherited)",
				);
				GCC_WARN_64_TO_32_BIT_CONVERSION = YES;
				GCC_WARN_ABOUT_RETURN_TYPE = YES_ERROR;
				GCC_WARN_UNDECLARED_SELECTOR = YES;
				GCC_WARN_UNINITIALIZED_AUTOS = YES_AGGRESSIVE;
				GCC_WARN_UNUSED_FUNCTION = YES;
				GCC_WARN_UNUSED_VARIABLE = YES;
				IPHONEOS_DEPLOYMENT_TARGET = 16.4;
				MTL_ENABLE_DEBUG_INFO = INCLUDE_SOURCE;
				MTL_FAST_MATH = YES;
				ONLY_ACTIVE_ARCH = YES;
				SDKROOT = iphoneos;
				SWIFT_ACTIVE_COMPILATION_CONDITIONS = DEBUG;
				SWIFT_OPTIMIZATION_LEVEL = "-Onone";
			};
			name = Debug;
		};
		D9B725852A33FBFD009A618B /* Release */ = {
			isa = XCBuildConfiguration;
			buildSettings = {
				ALWAYS_SEARCH_USER_PATHS = NO;
				CLANG_ANALYZER_NONNULL = YES;
				CLANG_ANALYZER_NUMBER_OBJECT_CONVERSION = YES_AGGRESSIVE;
				CLANG_CXX_LANGUAGE_STANDARD = "gnu++20";
				CLANG_ENABLE_MODULES = YES;
				CLANG_ENABLE_OBJC_ARC = YES;
				CLANG_ENABLE_OBJC_WEAK = YES;
				CLANG_WARN_BLOCK_CAPTURE_AUTORELEASING = YES;
				CLANG_WARN_BOOL_CONVERSION = YES;
				CLANG_WARN_COMMA = YES;
				CLANG_WARN_CONSTANT_CONVERSION = YES;
				CLANG_WARN_DEPRECATED_OBJC_IMPLEMENTATIONS = YES;
				CLANG_WARN_DIRECT_OBJC_ISA_USAGE = YES_ERROR;
				CLANG_WARN_DOCUMENTATION_COMMENTS = YES;
				CLANG_WARN_EMPTY_BODY = YES;
				CLANG_WARN_ENUM_CONVERSION = YES;
				CLANG_WARN_INFINITE_RECURSION = YES;
				CLANG_WARN_INT_CONVERSION = YES;
				CLANG_WARN_NON_LITERAL_NULL_CONVERSION = YES;
				CLANG_WARN_OBJC_IMPLICIT_RETAIN_SELF = YES;
				CLANG_WARN_OBJC_LITERAL_CONVERSION = YES;
				CLANG_WARN_OBJC_ROOT_CLASS = YES_ERROR;
				CLANG_WARN_QUOTED_INCLUDE_IN_FRAMEWORK_HEADER = YES;
				CLANG_WARN_RANGE_LOOP_ANALYSIS = YES;
				CLANG_WARN_STRICT_PROTOTYPES = YES;
				CLANG_WARN_SUSPICIOUS_MOVE = YES;
				CLANG_WARN_UNGUARDED_AVAILABILITY = YES_AGGRESSIVE;
				CLANG_WARN_UNREACHABLE_CODE = YES;
				CLANG_WARN__DUPLICATE_METHOD_MATCH = YES;
				COPY_PHASE_STRIP = NO;
				DEBUG_INFORMATION_FORMAT = "dwarf-with-dsym";
				ENABLE_NS_ASSERTIONS = NO;
				ENABLE_STRICT_OBJC_MSGSEND = YES;
				GCC_C_LANGUAGE_STANDARD = gnu11;
				GCC_NO_COMMON_BLOCKS = YES;
				GCC_WARN_64_TO_32_BIT_CONVERSION = YES;
				GCC_WARN_ABOUT_RETURN_TYPE = YES_ERROR;
				GCC_WARN_UNDECLARED_SELECTOR = YES;
				GCC_WARN_UNINITIALIZED_AUTOS = YES_AGGRESSIVE;
				GCC_WARN_UNUSED_FUNCTION = YES;
				GCC_WARN_UNUSED_VARIABLE = YES;
				IPHONEOS_DEPLOYMENT_TARGET = 16.4;
				MTL_ENABLE_DEBUG_INFO = NO;
				MTL_FAST_MATH = YES;
				SDKROOT = iphoneos;
				SWIFT_COMPILATION_MODE = wholemodule;
				SWIFT_OPTIMIZATION_LEVEL = "-O";
				VALIDATE_PRODUCT = YES;
			};
			name = Release;
		};
		D9B725872A33FBFD009A618B /* Debug */ = {
			isa = XCBuildConfiguration;
			buildSettings = {
				ASSETCATALOG_COMPILER_APPICON_NAME = AppIcon;
				ASSETCATALOG_COMPILER_GLOBAL_ACCENT_COLOR_NAME = AccentColor;
				CODE_SIGN_STYLE = Automatic;
				CURRENT_PROJECT_VERSION = 1;
				DEVELOPMENT_ASSET_PATHS = "\"CosmoCare/Preview Content\"";
				DEVELOPMENT_TEAM = 29DZD3P8V5;
				ENABLE_PREVIEWS = YES;
				GENERATE_INFOPLIST_FILE = YES;
				INFOPLIST_FILE = CosmoCare/Info.plist;
				INFOPLIST_KEY_NSCameraUsageDescription = "Can I use your camera, pleas?";
				INFOPLIST_KEY_UIApplicationSceneManifest_Generation = YES;
				INFOPLIST_KEY_UIApplicationSupportsIndirectInputEvents = YES;
				INFOPLIST_KEY_UILaunchScreen_Generation = YES;
				INFOPLIST_KEY_UISupportedInterfaceOrientations_iPad = "UIInterfaceOrientationPortrait UIInterfaceOrientationPortraitUpsideDown UIInterfaceOrientationLandscapeLeft UIInterfaceOrientationLandscapeRight";
				INFOPLIST_KEY_UISupportedInterfaceOrientations_iPhone = "UIInterfaceOrientationPortrait UIInterfaceOrientationLandscapeLeft UIInterfaceOrientationLandscapeRight";
				LD_RUNPATH_SEARCH_PATHS = (
					"$(inherited)",
					"@executable_path/Frameworks",
				);
				MARKETING_VERSION = 1.0;
				PRODUCT_BUNDLE_IDENTIFIER = com.CosmoCare;
				PRODUCT_NAME = "$(TARGET_NAME)";
				SWIFT_EMIT_LOC_STRINGS = YES;
				SWIFT_VERSION = 5.0;
				TARGETED_DEVICE_FAMILY = "1,2";
			};
			name = Debug;
		};
		D9B725882A33FBFD009A618B /* Release */ = {
			isa = XCBuildConfiguration;
			buildSettings = {
				ASSETCATALOG_COMPILER_APPICON_NAME = AppIcon;
				ASSETCATALOG_COMPILER_GLOBAL_ACCENT_COLOR_NAME = AccentColor;
				CODE_SIGN_STYLE = Automatic;
				CURRENT_PROJECT_VERSION = 1;
				DEVELOPMENT_ASSET_PATHS = "\"CosmoCare/Preview Content\"";
				DEVELOPMENT_TEAM = 29DZD3P8V5;
				ENABLE_PREVIEWS = YES;
				GENERATE_INFOPLIST_FILE = YES;
				INFOPLIST_FILE = CosmoCare/Info.plist;
				INFOPLIST_KEY_NSCameraUsageDescription = "Can I use your camera, pleas?";
				INFOPLIST_KEY_UIApplicationSceneManifest_Generation = YES;
				INFOPLIST_KEY_UIApplicationSupportsIndirectInputEvents = YES;
				INFOPLIST_KEY_UILaunchScreen_Generation = YES;
				INFOPLIST_KEY_UISupportedInterfaceOrientations_iPad = "UIInterfaceOrientationPortrait UIInterfaceOrientationPortraitUpsideDown UIInterfaceOrientationLandscapeLeft UIInterfaceOrientationLandscapeRight";
				INFOPLIST_KEY_UISupportedInterfaceOrientations_iPhone = "UIInterfaceOrientationPortrait UIInterfaceOrientationLandscapeLeft UIInterfaceOrientationLandscapeRight";
				LD_RUNPATH_SEARCH_PATHS = (
					"$(inherited)",
					"@executable_path/Frameworks",
				);
				MARKETING_VERSION = 1.0;
				PRODUCT_BUNDLE_IDENTIFIER = com.CosmoCare;
				PRODUCT_NAME = "$(TARGET_NAME)";
				SWIFT_EMIT_LOC_STRINGS = YES;
				SWIFT_VERSION = 5.0;
				TARGETED_DEVICE_FAMILY = "1,2";
			};
			name = Release;
		};
/* End XCBuildConfiguration section */

/* Begin XCConfigurationList section */
		D9B725732A33FBFC009A618B /* Build configuration list for PBXProject "CosmoCare" */ = {
			isa = XCConfigurationList;
			buildConfigurations = (
				D9B725842A33FBFD009A618B /* Debug */,
				D9B725852A33FBFD009A618B /* Release */,
			);
			defaultConfigurationIsVisible = 0;
			defaultConfigurationName = Release;
		};
		D9B725862A33FBFD009A618B /* Build configuration list for PBXNativeTarget "CosmoCare" */ = {
			isa = XCConfigurationList;
			buildConfigurations = (
				D9B725872A33FBFD009A618B /* Debug */,
				D9B725882A33FBFD009A618B /* Release */,
			);
			defaultConfigurationIsVisible = 0;
			defaultConfigurationName = Release;
		};
/* End XCConfigurationList section */
	};
	rootObject = D9B725702A33FBFC009A618B /* Project object */;
}
